
Microsoft Visual Studio Solution File, Format Version 12.00
# Visual Studio Version 16
VisualStudioVersion = 16.0.29905.134
MinimumVisualStudioVersion = 10.0.40219.1
Project("{FAE04EC0-301F-11D3-BF4B-00C04F79EFBC}") = "TesteAsc", "TesteAsc\TesteAsc.csproj", "{004C27C4-648D-43E2-AAFE-008A6D9472B4}"
EndProject
Global
	GlobalSection(SolutionConfigurationPlatforms) = preSolution
		Debug|Any CPU = Debug|Any CPU
		Release|Any CPU = Release|Any CPU
	EndGlobalSection
	GlobalSection(ProjectConfigurationPlatforms) = postSolution
		{004C27C4-648D-43E2-AAFE-008A6D9472B4}.Debug|Any CPU.ActiveCfg = Debug|Any CPU
		{004C27C4-648D-43E2-AAFE-008A6D9472B4}.Debug|Any CPU.Build.0 = Debug|Any CPU
		{004C27C4-648D-43E2-AAFE-008A6D9472B4}.Release|Any CPU.ActiveCfg = Release|Any CPU
		{004C27C4-648D-43E2-AAFE-008A6D9472B4}.Release|Any CPU.Build.0 = Release|Any CPU
	EndGlobalSection
	GlobalSection(SolutionProperties) = preSolution
		HideSolutionNode = FALSE
	EndGlobalSection
	GlobalSection(ExtensibilityGlobals) = postSolution
		SolutionGuid = {DD587410-7875-44B0-9895-FEF7BAA072DA}
	EndGlobalSection
EndGlobal
